
Microsoft Visual Studio Solution File, Format Version 12.00
# Visual Studio Version 17
VisualStudioVersion = 17.5.33516.290
MinimumVisualStudioVersion = 10.0.40219.1
Project("{FAE04EC0-301F-11D3-BF4B-00C04F79EFBC}") = "AzureADAuthenticationTest", "AzureADAuthenticationTest\AzureADAuthenticationTest.csproj", "{8D95CB07-CF8B-4DCD-8F43-1F1FFC797953}"
EndProject
Global
	GlobalSection(SolutionConfigurationPlatforms) = preSolution
		Debug|Any CPU = Debug|Any CPU
		Release|Any CPU = Release|Any CPU
	EndGlobalSection
	GlobalSection(ProjectConfigurationPlatforms) = postSolution
		{8D95CB07-CF8B-4DCD-8F43-1F1FFC797953}.Debug|Any CPU.ActiveCfg = Debug|Any CPU
		{8D95CB07-CF8B-4DCD-8F43-1F1FFC797953}.Debug|Any CPU.Build.0 = Debug|Any CPU
		{8D95CB07-CF8B-4DCD-8F43-1F1FFC797953}.Release|Any CPU.ActiveCfg = Release|Any CPU
		{8D95CB07-CF8B-4DCD-8F43-1F1FFC797953}.Release|Any CPU.Build.0 = Release|Any CPU
	EndGlobalSection
	GlobalSection(SolutionProperties) = preSolution
		HideSolutionNode = FALSE
	EndGlobalSection
	GlobalSection(ExtensibilityGlobals) = postSolution
		SolutionGuid = {5788D930-7AF6-49AA-97A7-742FE150077C}
	EndGlobalSection
EndGlobal
